
Microsoft Visual Studio Solution File, Format Version 12.00
# Visual Studio Version 17
VisualStudioVersion = 17.6.33829.357
MinimumVisualStudioVersion = 10.0.40219.1
Project("{9A19103F-16F7-4668-BE54-9A1E7A4F7556}") = "Repositories", "Repositories\Repositories.csproj", "{4415C662-B9A7-4A56-A3E3-55E9F233F394}"
EndProject
Project("{9A19103F-16F7-4668-BE54-9A1E7A4F7556}") = "Models", "Models\Models.csproj", "{2DD112EA-D0CA-4ACD-B6C3-13A2388A0104}"
EndProject
Global
	GlobalSection(SolutionConfigurationPlatforms) = preSolution
		Debug|Any CPU = Debug|Any CPU
		Release|Any CPU = Release|Any CPU
	EndGlobalSection
	GlobalSection(ProjectConfigurationPlatforms) = postSolution
		{4415C662-B9A7-4A56-A3E3-55E9F233F394}.Debug|Any CPU.ActiveCfg = Debug|Any CPU
		{4415C662-B9A7-4A56-A3E3-55E9F233F394}.Debug|Any CPU.Build.0 = Debug|Any CPU
		{4415C662-B9A7-4A56-A3E3-55E9F233F394}.Release|Any CPU.ActiveCfg = Release|Any CPU
		{4415C662-B9A7-4A56-A3E3-55E9F233F394}.Release|Any CPU.Build.0 = Release|Any CPU
		{2DD112EA-D0CA-4ACD-B6C3-13A2388A0104}.Debug|Any CPU.ActiveCfg = Debug|Any CPU
		{2DD112EA-D0CA-4ACD-B6C3-13A2388A0104}.Debug|Any CPU.Build.0 = Debug|Any CPU
		{2DD112EA-D0CA-4ACD-B6C3-13A2388A0104}.Release|Any CPU.ActiveCfg = Release|Any CPU
		{2DD112EA-D0CA-4ACD-B6C3-13A2388A0104}.Release|Any CPU.Build.0 = Release|Any CPU
	EndGlobalSection
	GlobalSection(SolutionProperties) = preSolution
		HideSolutionNode = FALSE
	EndGlobalSection
	GlobalSection(ExtensibilityGlobals) = postSolution
		SolutionGuid = {5EDE4239-12DA-40F1-915B-B55D30565B75}
	EndGlobalSection
EndGlobal
