
Microsoft Visual Studio Solution File, Format Version 12.00
# Visual Studio Version 17
VisualStudioVersion = 17.6.33829.357
MinimumVisualStudioVersion = 10.0.40219.1
Project("{9A19103F-16F7-4668-BE54-9A1E7A4F7556}") = "Repositories", "Repositories\Repositories.csproj", "{4415C662-B9A7-4A56-A3E3-55E9F233F394}"
EndProject
Project("{9A19103F-16F7-4668-BE54-9A1E7A4F7556}") = "Models", "Models\Models.csproj", "{2DD112EA-D0CA-4ACD-B6C3-13A2388A0104}"
EndProject
Project("{9A19103F-16F7-4668-BE54-9A1E7A4F7556}") = "ConsoleApp1", "ConsoleApp1\ConsoleApp1.csproj", "{F9EE9883-837C-4737-AD31-9EC8A8207512}"
EndProject
Project("{9A19103F-16F7-4668-BE54-9A1E7A4F7556}") = "Services", "Services\Services.csproj", "{DA1A690D-16B2-4FAA-83B0-5603BD263690}"
EndProject
Project("{9A19103F-16F7-4668-BE54-9A1E7A4F7556}") = "WebApi", "WebApi\WebApi.csproj", "{D7171E36-5FB2-47B3-843B-CDE09BCCF4D1}"
EndProject
Project("{FAE04EC0-301F-11D3-BF4B-00C04F79EFBC}") = "Presentation", "Presentation\Presentation.csproj", "{7BF00AF7-053A-4E26-822A-1D1CC2E9B7E9}"
EndProject
Global
	GlobalSection(SolutionConfigurationPlatforms) = preSolution
		Debug|Any CPU = Debug|Any CPU
		Release|Any CPU = Release|Any CPU
	EndGlobalSection
	GlobalSection(ProjectConfigurationPlatforms) = postSolution
		{4415C662-B9A7-4A56-A3E3-55E9F233F394}.Debug|Any CPU.ActiveCfg = Debug|Any CPU
		{4415C662-B9A7-4A56-A3E3-55E9F233F394}.Debug|Any CPU.Build.0 = Debug|Any CPU
		{4415C662-B9A7-4A56-A3E3-55E9F233F394}.Release|Any CPU.ActiveCfg = Release|Any CPU
		{4415C662-B9A7-4A56-A3E3-55E9F233F394}.Release|Any CPU.Build.0 = Release|Any CPU
		{2DD112EA-D0CA-4ACD-B6C3-13A2388A0104}.Debug|Any CPU.ActiveCfg = Debug|Any CPU
		{2DD112EA-D0CA-4ACD-B6C3-13A2388A0104}.Debug|Any CPU.Build.0 = Debug|Any CPU
		{2DD112EA-D0CA-4ACD-B6C3-13A2388A0104}.Release|Any CPU.ActiveCfg = Release|Any CPU
		{2DD112EA-D0CA-4ACD-B6C3-13A2388A0104}.Release|Any CPU.Build.0 = Release|Any CPU
		{F9EE9883-837C-4737-AD31-9EC8A8207512}.Debug|Any CPU.ActiveCfg = Debug|Any CPU
		{F9EE9883-837C-4737-AD31-9EC8A8207512}.Debug|Any CPU.Build.0 = Debug|Any CPU
		{F9EE9883-837C-4737-AD31-9EC8A8207512}.Release|Any CPU.ActiveCfg = Release|Any CPU
		{F9EE9883-837C-4737-AD31-9EC8A8207512}.Release|Any CPU.Build.0 = Release|Any CPU
		{DA1A690D-16B2-4FAA-83B0-5603BD263690}.Debug|Any CPU.ActiveCfg = Debug|Any CPU
		{DA1A690D-16B2-4FAA-83B0-5603BD263690}.Debug|Any CPU.Build.0 = Debug|Any CPU
		{DA1A690D-16B2-4FAA-83B0-5603BD263690}.Release|Any CPU.ActiveCfg = Release|Any CPU
		{DA1A690D-16B2-4FAA-83B0-5603BD263690}.Release|Any CPU.Build.0 = Release|Any CPU
		{D7171E36-5FB2-47B3-843B-CDE09BCCF4D1}.Debug|Any CPU.ActiveCfg = Debug|Any CPU
		{D7171E36-5FB2-47B3-843B-CDE09BCCF4D1}.Debug|Any CPU.Build.0 = Debug|Any CPU
		{D7171E36-5FB2-47B3-843B-CDE09BCCF4D1}.Release|Any CPU.ActiveCfg = Release|Any CPU
		{D7171E36-5FB2-47B3-843B-CDE09BCCF4D1}.Release|Any CPU.Build.0 = Release|Any CPU
		{7BF00AF7-053A-4E26-822A-1D1CC2E9B7E9}.Debug|Any CPU.ActiveCfg = Debug|Any CPU
		{7BF00AF7-053A-4E26-822A-1D1CC2E9B7E9}.Debug|Any CPU.Build.0 = Debug|Any CPU
		{7BF00AF7-053A-4E26-822A-1D1CC2E9B7E9}.Release|Any CPU.ActiveCfg = Release|Any CPU
		{7BF00AF7-053A-4E26-822A-1D1CC2E9B7E9}.Release|Any CPU.Build.0 = Release|Any CPU
	EndGlobalSection
	GlobalSection(SolutionProperties) = preSolution
		HideSolutionNode = FALSE
	EndGlobalSection
	GlobalSection(ExtensibilityGlobals) = postSolution
		SolutionGuid = {5EDE4239-12DA-40F1-915B-B55D30565B75}
	EndGlobalSection
EndGlobal
